
Microsoft Visual Studio Solution File, Format Version 12.00
# Visual Studio Version 17
VisualStudioVersion = 17.6.33829.357
MinimumVisualStudioVersion = 10.0.40219.1
Project("{8BC9CEB8-8B4A-11D0-8D11-00A0C91BC942}") = "Vulkan", "Vulkan.vcxproj", "{49989B7A-9925-4A3D-A77A-FCF3A31F4499}"
EndProject
Global
	GlobalSection(SolutionConfigurationPlatforms) = preSolution
		Debug|x64 = Debug|x64
		Debug|x86 = Debug|x86
		Release|x64 = Release|x64
		Release|x86 = Release|x86
	EndGlobalSection
	GlobalSection(ProjectConfigurationPlatforms) = postSolution
		{49989B7A-9925-4A3D-A77A-FCF3A31F4499}.Debug|x64.ActiveCfg = Debug|x64
		{49989B7A-9925-4A3D-A77A-FCF3A31F4499}.Debug|x64.Build.0 = Debug|x64
		{49989B7A-9925-4A3D-A77A-FCF3A31F4499}.Debug|x86.ActiveCfg = Debug|Win32
		{49989B7A-9925-4A3D-A77A-FCF3A31F4499}.Debug|x86.Build.0 = Debug|Win32
		{49989B7A-9925-4A3D-A77A-FCF3A31F4499}.Release|x64.ActiveCfg = Release|x64
		{49989B7A-9925-4A3D-A77A-FCF3A31F4499}.Release|x64.Build.0 = Release|x64
		{49989B7A-9925-4A3D-A77A-FCF3A31F4499}.Release|x86.ActiveCfg = Release|Win32
		{49989B7A-9925-4A3D-A77A-FCF3A31F4499}.Release|x86.Build.0 = Release|Win32
	EndGlobalSection
	GlobalSection(SolutionProperties) = preSolution
		HideSolutionNode = FALSE
	EndGlobalSection
	GlobalSection(ExtensibilityGlobals) = postSolution
		SolutionGuid = {2EACC6FF-5E6E-40C5-A147-A51906C4B7FB}
	EndGlobalSection
EndGlobal
